
Microsoft Visual Studio Solution File, Format Version 12.00
# Visual Studio Version 17
VisualStudioVersion = 17.14.37203.1
MinimumVisualStudioVersion = 10.0.40219.1
Project("{FAE04EC0-301F-11D3-BF4B-00C04F79EFBC}") = "DemoexLibs", "DemoexLibs.csproj", "{C59C543B-6594-4FD6-9802-7A16FD7E214F}"
EndProject
Global
	GlobalSection(SolutionConfigurationPlatforms) = preSolution
		Debug|Any CPU = Debug|Any CPU
		Release|Any CPU = Release|Any CPU
	EndGlobalSection
	GlobalSection(ProjectConfigurationPlatforms) = postSolution
		{C59C543B-6594-4FD6-9802-7A16FD7E214F}.Debug|Any CPU.ActiveCfg = Debug|Any CPU
		{C59C543B-6594-4FD6-9802-7A16FD7E214F}.Debug|Any CPU.Build.0 = Debug|Any CPU
		{C59C543B-6594-4FD6-9802-7A16FD7E214F}.Release|Any CPU.ActiveCfg = Release|Any CPU
		{C59C543B-6594-4FD6-9802-7A16FD7E214F}.Release|Any CPU.Build.0 = Release|Any CPU
	EndGlobalSection
	GlobalSection(SolutionProperties) = preSolution
		HideSolutionNode = FALSE
	EndGlobalSection
	GlobalSection(ExtensibilityGlobals) = postSolution
		SolutionGuid = {C9625FDC-A017-4DCA-8E83-D88EF84CB1D3}
	EndGlobalSection
EndGlobal
